// !$*UTF8*$!
{
	archiveVersion = 1;
	classes = {
	};
	objectVersion = 46;
	objects = {

/* Begin PBXBuildFile section */
		D0CB2B6D1A8ABF8500B97CA8 /* AppDelegate.swift in Sources */ = {isa = PBXBuildFile; fileRef = D0CB2B6C1A8ABF8500B97CA8 /* AppDelegate.swift */; };
		D0CB2B6F1A8ABF8500B97CA8 /* ViewController.swift in Sources */ = {isa = PBXBuildFile; fileRef = D0CB2B6E1A8ABF8500B97CA8 /* ViewController.swift */; };
		D0CB2B721A8ABF8500B97CA8 /* Main.storyboard in Resources */ = {isa = PBXBuildFile; fileRef = D0CB2B701A8ABF8500B97CA8 /* Main.storyboard */; };
		D0CB2B741A8ABF8500B97CA8 /* Images.xcassets in Resources */ = {isa = PBXBuildFile; fileRef = D0CB2B731A8ABF8500B97CA8 /* Images.xcassets */; };
		D0CB2B771A8ABF8500B97CA8 /* LaunchScreen.xib in Resources */ = {isa = PBXBuildFile; fileRef = D0CB2B751A8ABF8500B97CA8 /* LaunchScreen.xib */; };
		D0CB2B831A8ABF8500B97CA8 /* noapp_desktopImageTests.swift in Sources */ = {isa = PBXBuildFile; fileRef = D0CB2B821A8ABF8500B97CA8 /* noapp_desktopImageTests.swift */; };
/* End PBXBuildFile section */

/* Begin PBXContainerItemProxy section */
		D0CB2B7D1A8ABF8500B97CA8 /* PBXContainerItemProxy */ = {
			isa = PBXContainerItemProxy;
			containerPortal = D0CB2B5F1A8ABF8500B97CA8 /* Project object */;
			proxyType = 1;
			remoteGlobalIDString = D0CB2B661A8ABF8500B97CA8;
			remoteInfo = "noapp-desktopImage";
		};
/* End PBXContainerItemProxy section */

/* Begin PBXFileReference section */
		D0CB2B671A8ABF8500B97CA8 /* noapp-desktopImage.app */ = {isa = PBXFileReference; explicitFileType = wrapper.application; includeInIndex = 0; path = "noapp-desktopImage.app"; sourceTree = BUILT_PRODUCTS_DIR; };
		D0CB2B6B1A8ABF8500B97CA8 /* Info.plist */ = {isa = PBXFileReference; lastKnownFileType = text.plist.xml; path = Info.plist; sourceTree = "<group>"; };
		D0CB2B6C1A8ABF8500B97CA8 /* AppDelegate.swift */ = {isa = PBXFileReference; lastKnownFileType = sourcecode.swift; path = AppDelegate.swift; sourceTree = "<group>"; };
		D0CB2B6E1A8ABF8500B97CA8 /* ViewController.swift */ = {isa = PBXFileReference; lastKnownFileType = sourcecode.swift; path = ViewController.swift; sourceTree = "<group>"; };
		D0CB2B711A8ABF8500B97CA8 /* Base */ = {isa = PBXFileReference; lastKnownFileType = file.storyboard; name = Base; path = Base.lproj/Main.storyboard; sourceTree = "<group>"; };
		D0CB2B731A8ABF8500B97CA8 /* Images.xcassets */ = {isa = PBXFileReference; lastKnownFileType = folder.assetcatalog; path = Images.xcassets; sourceTree = "<group>"; };
		D0CB2B761A8ABF8500B97CA8 /* Base */ = {isa = PBXFileReference; lastKnownFileType = file.xib; name = Base; path = Base.lproj/LaunchScreen.xib; sourceTree = "<group>"; };
		D0CB2B7C1A8ABF8500B97CA8 /* noapp-desktopImageTests.xctest */ = {isa = PBXFileReference; explicitFileType = wrapper.cfbundle; includeInIndex = 0; path = "noapp-desktopImageTests.xctest"; sourceTree = BUILT_PRODUCTS_DIR; };
		D0CB2B811A8ABF8500B97CA8 /* Info.plist */ = {isa = PBXFileReference; lastKnownFileType = text.plist.xml; path = Info.plist; sourceTree = "<group>"; };
		D0CB2B821A8ABF8500B97CA8 /* noapp_desktopImageTests.swift */ = {isa = PBXFileReference; lastKnownFileType = sourcecode.swift; path = noapp_desktopImageTests.swift; sourceTree = "<group>"; };
/* End PBXFileReference section */

/* Begin PBXFrameworksBuildPhase section */
		D0CB2B641A8ABF8500B97CA8 /* Frameworks */ = {
			isa = PBXFrameworksBuildPhase;
			buildActionMask = 2147483647;
			files = (
			);
			runOnlyForDeploymentPostprocessing = 0;
		};
		D0CB2B791A8ABF8500B97CA8 /* Frameworks */ = {
			isa = PBXFrameworksBuildPhase;
			buildActionMask = 2147483647;
			files = (
			);
			runOnlyForDeploymentPostprocessing = 0;
		};
/* End PBXFrameworksBuildPhase section */

/* Begin PBXGroup section */
		D0CB2B5E1A8ABF8500B97CA8 = {
			isa = PBXGroup;
			children = (
				D0CB2B691A8ABF8500B97CA8 /* noapp-desktopImage */,
				D0CB2B7F1A8ABF8500B97CA8 /* noapp-desktopImageTests */,
				D0CB2B681A8ABF8500B97CA8 /* Products */,
			);
			sourceTree = "<group>";
		};
		D0CB2B681A8ABF8500B97CA8 /* Products */ = {
			isa = PBXGroup;
			children = (
				D0CB2B671A8ABF8500B97CA8 /* noapp-desktopImage.app */,
				D0CB2B7C1A8ABF8500B97CA8 /* noapp-desktopImageTests.xctest */,
			);
			name = Products;
			sourceTree = "<group>";
		};
		D0CB2B691A8ABF8500B97CA8 /* noapp-desktopImage */ = {
			isa = PBXGroup;
			children = (
				D0CB2B6C1A8ABF8500B97CA8 /* AppDelegate.swift */,
				D0CB2B6E1A8ABF8500B97CA8 /* ViewController.swift */,
				D0CB2B701A8ABF8500B97CA8 /* Main.storyboard */,
				D0CB2B731A8ABF8500B97CA8 /* Images.xcassets */,
				D0CB2B751A8ABF8500B97CA8 /* LaunchScreen.xib */,
				D0CB2B6A1A8ABF8500B97CA8 /* Supporting Files */,
			);
			path = "noapp-desktopImage";
			sourceTree = "<group>";
		};
		D0CB2B6A1A8ABF8500B97CA8 /* Supporting Files */ = {
			isa = PBXGroup;
			children = (
				D0CB2B6B1A8ABF8500B97CA8 /* Info.plist */,
			);
			name = "Supporting Files";
			sourceTree = "<group>";
		};
		D0CB2B7F1A8ABF8500B97CA8 /* noapp-desktopImageTests */ = {
			isa = PBXGroup;
			children = (
				D0CB2B821A8ABF8500B97CA8 /* noapp_desktopImageTests.swift */,
				D0CB2B801A8ABF8500B97CA8 /* Supporting Files */,
			);
			path = "noapp-desktopImageTests";
			sourceTree = "<group>";
		};
		D0CB2B801A8ABF8500B97CA8 /* Supporting Files */ = {
			isa = PBXGroup;
			children = (
				D0CB2B811A8ABF8500B97CA8 /* Info.plist */,
			);
			name = "Supporting Files";
			sourceTree = "<group>";
		};
/* End PBXGroup section */

/* Begin PBXNativeTarget section */
		D0CB2B661A8ABF8500B97CA8 /* noapp-desktopImage */ = {
			isa = PBXNativeTarget;
			buildConfigurationList = D0CB2B861A8ABF8500B97CA8 /* Build configuration list for PBXNativeTarget "noapp-desktopImage" */;
			buildPhases = (
				D0CB2B631A8ABF8500B97CA8 /* Sources */,
				D0CB2B641A8ABF8500B97CA8 /* Frameworks */,
				D0CB2B651A8ABF8500B97CA8 /* Resources */,
			);
			buildRules = (
			);
			dependencies = (
			);
			name = "noapp-desktopImage";
			productName = "noapp-desktopImage";
			productReference = D0CB2B671A8ABF8500B97CA8 /* noapp-desktopImage.app */;
			productType = "com.apple.product-type.application";
		};
		D0CB2B7B1A8ABF8500B97CA8 /* noapp-desktopImageTests */ = {
			isa = PBXNativeTarget;
			buildConfigurationList = D0CB2B891A8ABF8500B97CA8 /* Build configuration list for PBXNativeTarget "noapp-desktopImageTests" */;
			buildPhases = (
				D0CB2B781A8ABF8500B97CA8 /* Sources */,
				D0CB2B791A8ABF8500B97CA8 /* Frameworks */,
				D0CB2B7A1A8ABF8500B97CA8 /* Resources */,
			);
			buildRules = (
			);
			dependencies = (
				D0CB2B7E1A8ABF8500B97CA8 /* PBXTargetDependency */,
			);
			name = "noapp-desktopImageTests";
			productName = "noapp-desktopImageTests";
			productReference = D0CB2B7C1A8ABF8500B97CA8 /* noapp-desktopImageTests.xctest */;
			productType = "com.apple.product-type.bundle.unit-test";
		};
/* End PBXNativeTarget section */

/* Begin PBXProject section */
		D0CB2B5F1A8ABF8500B97CA8 /* Project object */ = {
			isa = PBXProject;
			attributes = {
				LastUpgradeCheck = 0610;
				ORGANIZATIONNAME = "Ricardo Alonso Martín";
				TargetAttributes = {
					D0CB2B661A8ABF8500B97CA8 = {
						CreatedOnToolsVersion = 6.1.1;
					};
					D0CB2B7B1A8ABF8500B97CA8 = {
						CreatedOnToolsVersion = 6.1.1;
						TestTargetID = D0CB2B661A8ABF8500B97CA8;
					};
				};
			};
			buildConfigurationList = D0CB2B621A8ABF8500B97CA8 /* Build configuration list for PBXProject "noapp-desktopImage" */;
			compatibilityVersion = "Xcode 3.2";
			developmentRegion = English;
			hasScannedForEncodings = 0;
			knownRegions = (
				en,
				Base,
			);
			mainGroup = D0CB2B5E1A8ABF8500B97CA8;
			productRefGroup = D0CB2B681A8ABF8500B97CA8 /* Products */;
			projectDirPath = "";
			projectRoot = "";
			targets = (
				D0CB2B661A8ABF8500B97CA8 /* noapp-desktopImage */,
				D0CB2B7B1A8ABF8500B97CA8 /* noapp-desktopImageTests */,
			);
		};
/* End PBXProject section */

/* Begin PBXResourcesBuildPhase section */
		D0CB2B651A8ABF8500B97CA8 /* Resources */ = {
			isa = PBXResourcesBuildPhase;
			buildActionMask = 2147483647;
			files = (
				D0CB2B721A8ABF8500B97CA8 /* Main.storyboard in Resources */,
				D0CB2B771A8ABF8500B97CA8 /* LaunchScreen.xib in Resources */,
				D0CB2B741A8ABF8500B97CA8 /* Images.xcassets in Resources */,
			);
			runOnlyForDeploymentPostprocessing = 0;
		};
		D0CB2B7A1A8ABF8500B97CA8 /* Resources */ = {
			isa = PBXResourcesBuildPhase;
			buildActionMask = 2147483647;
			files = (
			);
			runOnlyForDeploymentPostprocessing = 0;
		};
/* End PBXResourcesBuildPhase section */

/* Begin PBXSourcesBuildPhase section */
		D0CB2B631A8ABF8500B97CA8 /* Sources */ = {
			isa = PBXSourcesBuildPhase;
			buildActionMask = 2147483647;
			files = (
				D0CB2B6F1A8ABF8500B97CA8 /* ViewController.swift in Sources */,
				D0CB2B6D1A8ABF8500B97CA8 /* AppDelegate.swift in Sources */,
			);
			runOnlyForDeploymentPostprocessing = 0;
		};
		D0CB2B781A8ABF8500B97CA8 /* Sources */ = {
			isa = PBXSourcesBuildPhase;
			buildActionMask = 2147483647;
			files = (
				D0CB2B831A8ABF8500B97CA8 /* noapp_desktopImageTests.swift in Sources */,
			);
			runOnlyForDeploymentPostprocessing = 0;
		};
/* End PBXSourcesBuildPhase section */

/* Begin PBXTargetDependency section */
		D0CB2B7E1A8ABF8500B97CA8 /* PBXTargetDependency */ = {
			isa = PBXTargetDependency;
			target = D0CB2B661A8ABF8500B97CA8 /* noapp-desktopImage */;
			targetProxy = D0CB2B7D1A8ABF8500B97CA8 /* PBXContainerItemProxy */;
		};
/* End PBXTargetDependency section */

/* Begin PBXVariantGroup section */
		D0CB2B701A8ABF8500B97CA8 /* Main.storyboard */ = {
			isa = PBXVariantGroup;
			children = (
				D0CB2B711A8ABF8500B97CA8 /* Base */,
			);
			name = Main.storyboard;
			sourceTree = "<group>";
		};
		D0CB2B751A8ABF8500B97CA8 /* LaunchScreen.xib */ = {
			isa = PBXVariantGroup;
			children = (
				D0CB2B761A8ABF8500B97CA8 /* Base */,
			);
			name = LaunchScreen.xib;
			sourceTree = "<group>";
		};
/* End PBXVariantGroup section */

/* Begin XCBuildConfiguration section */
		D0CB2B841A8ABF8500B97CA8 /* Debug */ = {
			isa = XCBuildConfiguration;
			buildSettings = {
				ALWAYS_SEARCH_USER_PATHS = NO;
				CLANG_CXX_LANGUAGE_STANDARD = "gnu++0x";
				CLANG_CXX_LIBRARY = "libc++";
				CLANG_ENABLE_MODULES = YES;
				CLANG_ENABLE_OBJC_ARC = YES;
				CLANG_WARN_BOOL_CONVERSION = YES;
				CLANG_WARN_CONSTANT_CONVERSION = YES;
				CLANG_WARN_DIRECT_OBJC_ISA_USAGE = YES_ERROR;
				CLANG_WARN_EMPTY_BODY = YES;
				CLANG_WARN_ENUM_CONVERSION = YES;
				CLANG_WARN_INT_CONVERSION = YES;
				CLANG_WARN_OBJC_ROOT_CLASS = YES_ERROR;
				CLANG_WARN_UNREACHABLE_CODE = YES;
				CLANG_WARN__DUPLICATE_METHOD_MATCH = YES;
				"CODE_SIGN_IDENTITY[sdk=iphoneos*]" = "iPhone Developer";
				COPY_PHASE_STRIP = NO;
				ENABLE_STRICT_OBJC_MSGSEND = YES;
				GCC_C_LANGUAGE_STANDARD = gnu99;
				GCC_DYNAMIC_NO_PIC = NO;
				GCC_OPTIMIZATION_LEVEL = 0;
				GCC_PREPROCESSOR_DEFINITIONS = (
					"DEBUG=1",
					"$(inherited)",
				);
				GCC_SYMBOLS_PRIVATE_EXTERN = NO;
				GCC_WARN_64_TO_32_BIT_CONVERSION = YES;
				GCC_WARN_ABOUT_RETURN_TYPE = YES_ERROR;
				GCC_WARN_UNDECLARED_SELECTOR = YES;
				GCC_WARN_UNINITIALIZED_AUTOS = YES_AGGRESSIVE;
				GCC_WARN_UNUSED_FUNCTION = YES;
				GCC_WARN_UNUSED_VARIABLE = YES;
				IPHONEOS_DEPLOYMENT_TARGET = 8.1;
				MTL_ENABLE_DEBUG_INFO = YES;
				ONLY_ACTIVE_ARCH = YES;
				SDKROOT = iphoneos;
				SWIFT_OPTIMIZATION_LEVEL = "-Onone";
			};
			name = Debug;
		};
		D0CB2B851A8ABF8500B97CA8 /* Release */ = {
			isa = XCBuildConfiguration;
			buildSettings = {
				ALWAYS_SEARCH_USER_PATHS = NO;
				CLANG_CXX_LANGUAGE_STANDARD = "gnu++0x";
				CLANG_CXX_LIBRARY = "libc++";
				CLANG_ENABLE_MODULES = YES;
				CLANG_ENABLE_OBJC_ARC = YES;
				CLANG_WARN_BOOL_CONVERSION = YES;
				CLANG_WARN_CONSTANT_CONVERSION = YES;
				CLANG_WARN_DIRECT_OBJC_ISA_USAGE = YES_ERROR;
				CLANG_WARN_EMPTY_BODY = YES;
				CLANG_WARN_ENUM_CONVERSION = YES;
				CLANG_WARN_INT_CONVERSION = YES;
				CLANG_WARN_OBJC_ROOT_CLASS = YES_ERROR;
				CLANG_WARN_UNREACHABLE_CODE = YES;
				CLANG_WARN__DUPLICATE_METHOD_MATCH = YES;
				"CODE_SIGN_IDENTITY[sdk=iphoneos*]" = "iPhone Developer";
				COPY_PHASE_STRIP = YES;
				ENABLE_NS_ASSERTIONS = NO;
				ENABLE_STRICT_OBJC_MSGSEND = YES;
				GCC_C_LANGUAGE_STANDARD = gnu99;
				GCC_WARN_64_TO_32_BIT_CONVERSION = YES;
				GCC_WARN_ABOUT_RETURN_TYPE = YES_ERROR;
				GCC_WARN_UNDECLARED_SELECTOR = YES;
				GCC_WARN_UNINITIALIZED_AUTOS = YES_AGGRESSIVE;
				GCC_WARN_UNUSED_FUNCTION = YES;
				GCC_WARN_UNUSED_VARIABLE = YES;
				IPHONEOS_DEPLOYMENT_TARGET = 8.1;
				MTL_ENABLE_DEBUG_INFO = NO;
				SDKROOT = iphoneos;
				VALIDATE_PRODUCT = YES;
			};
			name = Release;
		};
		D0CB2B871A8ABF8500B97CA8 /* Debug */ = {
			isa = XCBuildConfiguration;
			buildSettings = {
				ASSETCATALOG_COMPILER_APPICON_NAME = AppIcon;
				INFOPLIST_FILE = "noapp-desktopImage/Info.plist";
				LD_RUNPATH_SEARCH_PATHS = "$(inherited) @executable_path/Frameworks";
				PRODUCT_NAME = "$(TARGET_NAME)";
			};
			name = Debug;
		};
		D0CB2B881A8ABF8500B97CA8 /* Release */ = {
			isa = XCBuildConfiguration;
			buildSettings = {
				ASSETCATALOG_COMPILER_APPICON_NAME = AppIcon;
				INFOPLIST_FILE = "noapp-desktopImage/Info.plist";
				LD_RUNPATH_SEARCH_PATHS = "$(inherited) @executable_path/Frameworks";
				PRODUCT_NAME = "$(TARGET_NAME)";
			};
			name = Release;
		};
		D0CB2B8A1A8ABF8500B97CA8 /* Debug */ = {
			isa = XCBuildConfiguration;
			buildSettings = {
				BUNDLE_LOADER = "$(TEST_HOST)";
				FRAMEWORK_SEARCH_PATHS = (
					"$(SDKROOT)/Developer/Library/Frameworks",
					"$(inherited)",
				);
				GCC_PREPROCESSOR_DEFINITIONS = (
					"DEBUG=1",
					"$(inherited)",
				);
				INFOPLIST_FILE = "noapp-desktopImageTests/Info.plist";
				LD_RUNPATH_SEARCH_PATHS = "$(inherited) @executable_path/Frameworks @loader_path/Frameworks";
				PRODUCT_NAME = "$(TARGET_NAME)";
				TEST_HOST = "$(BUILT_PRODUCTS_DIR)/noapp-desktopImage.app/noapp-desktopImage";
			};
			name = Debug;
		};
		D0CB2B8B1A8ABF8500B97CA8 /* Release */ = {
			isa = XCBuildConfiguration;
			buildSettings = {
				BUNDLE_LOADER = "$(TEST_HOST)";
				FRAMEWORK_SEARCH_PATHS = (
					"$(SDKROOT)/Developer/Library/Frameworks",
					"$(inherited)",
				);
				INFOPLIST_FILE = "noapp-desktopImageTests/Info.plist";
				LD_RUNPATH_SEARCH_PATHS = "$(inherited) @executable_path/Frameworks @loader_path/Frameworks";
				PRODUCT_NAME = "$(TARGET_NAME)";
				TEST_HOST = "$(BUILT_PRODUCTS_DIR)/noapp-desktopImage.app/noapp-desktopImage";
			};
			name = Release;
		};
/* End XCBuildConfiguration section */

/* Begin XCConfigurationList section */
		D0CB2B621A8ABF8500B97CA8 /* Build configuration list for PBXProject "noapp-desktopImage" */ = {
			isa = XCConfigurationList;
			buildConfigurations = (
				D0CB2B841A8ABF8500B97CA8 /* Debug */,
				D0CB2B851A8ABF8500B97CA8 /* Release */,
			);
			defaultConfigurationIsVisible = 0;
			defaultConfigurationName = Release;
		};
		D0CB2B861A8ABF8500B97CA8 /* Build configuration list for PBXNativeTarget "noapp-desktopImage" */ = {
			isa = XCConfigurationList;
			buildConfigurations = (
				D0CB2B871A8ABF8500B97CA8 /* Debug */,
				D0CB2B881A8ABF8500B97CA8 /* Release */,
			);
			defaultConfigurationIsVisible = 0;
		};
		D0CB2B891A8ABF8500B97CA8 /* Build configuration list for PBXNativeTarget "noapp-desktopImageTests" */ = {
			isa = XCConfigurationList;
			buildConfigurations = (
				D0CB2B8A1A8ABF8500B97CA8 /* Debug */,
				D0CB2B8B1A8ABF8500B97CA8 /* Release */,
			);
			defaultConfigurationIsVisible = 0;
		};
/* End XCConfigurationList section */
	};
	rootObject = D0CB2B5F1A8ABF8500B97CA8 /* Project object */;
}
